
Microsoft Visual Studio Solution File, Format Version 12.00
# Visual Studio Version 17
VisualStudioVersion = 17.9.34728.123
MinimumVisualStudioVersion = 10.0.40219.1
Project("{9A19103F-16F7-4668-BE54-9A1E7A4F7556}") = "advanced-sharp", "advanced-sharp\advanced-sharp.csproj", "{CD1920C6-B580-4877-841B-2301813D1DBD}"
EndProject
Project("{9A19103F-16F7-4668-BE54-9A1E7A4F7556}") = "ClassLibrary", "ClassLibrary\ClassLibrary.csproj", "{8EF57378-37D5-4397-A12A-0C267002D964}"
EndProject
Project("{00D1A9C2-B5F0-4AF3-8072-F6C62B433612}") = "db_taurius", "db_taurius\db_taurius.sqlproj", "{01D6593B-B50A-470C-BC24-B199D9734C33}"
EndProject
Global
	GlobalSection(SolutionConfigurationPlatforms) = preSolution
		Debug|Any CPU = Debug|Any CPU
		Release|Any CPU = Release|Any CPU
	EndGlobalSection
	GlobalSection(ProjectConfigurationPlatforms) = postSolution
		{CD1920C6-B580-4877-841B-2301813D1DBD}.Debug|Any CPU.ActiveCfg = Debug|Any CPU
		{CD1920C6-B580-4877-841B-2301813D1DBD}.Debug|Any CPU.Build.0 = Debug|Any CPU
		{CD1920C6-B580-4877-841B-2301813D1DBD}.Release|Any CPU.ActiveCfg = Release|Any CPU
		{CD1920C6-B580-4877-841B-2301813D1DBD}.Release|Any CPU.Build.0 = Release|Any CPU
		{8EF57378-37D5-4397-A12A-0C267002D964}.Debug|Any CPU.ActiveCfg = Debug|Any CPU
		{8EF57378-37D5-4397-A12A-0C267002D964}.Debug|Any CPU.Build.0 = Debug|Any CPU
		{8EF57378-37D5-4397-A12A-0C267002D964}.Release|Any CPU.ActiveCfg = Release|Any CPU
		{8EF57378-37D5-4397-A12A-0C267002D964}.Release|Any CPU.Build.0 = Release|Any CPU
		{01D6593B-B50A-470C-BC24-B199D9734C33}.Debug|Any CPU.ActiveCfg = Debug|Any CPU
		{01D6593B-B50A-470C-BC24-B199D9734C33}.Debug|Any CPU.Build.0 = Debug|Any CPU
		{01D6593B-B50A-470C-BC24-B199D9734C33}.Debug|Any CPU.Deploy.0 = Debug|Any CPU
		{01D6593B-B50A-470C-BC24-B199D9734C33}.Release|Any CPU.ActiveCfg = Release|Any CPU
		{01D6593B-B50A-470C-BC24-B199D9734C33}.Release|Any CPU.Build.0 = Release|Any CPU
		{01D6593B-B50A-470C-BC24-B199D9734C33}.Release|Any CPU.Deploy.0 = Release|Any CPU
	EndGlobalSection
	GlobalSection(SolutionProperties) = preSolution
		HideSolutionNode = FALSE
	EndGlobalSection
	GlobalSection(ExtensibilityGlobals) = postSolution
		SolutionGuid = {8CC10DE9-736C-4766-94F7-1B60E327DF5B}
	EndGlobalSection
EndGlobal
